
Microsoft Visual Studio Solution File, Format Version 12.00
# Visual Studio Version 17
VisualStudioVersion = 17.13.35913.81
MinimumVisualStudioVersion = 10.0.40219.1
Project("{FAE04EC0-301F-11D3-BF4B-00C04F79EFBC}") = "JobPortal.Domain", "src\domain\JobPortal.Domain\JobPortal.Domain.csproj", "{9A1434F0-2322-6D41-1B3A-3F7D58927C3D}"
EndProject
Project("{2150E333-8FDC-42A3-9474-1A3956D46DE8}") = "src", "src", "{02EA681E-C7D8-13C7-8484-4AC65E1B71E8}"
EndProject
Project("{FAE04EC0-301F-11D3-BF4B-00C04F79EFBC}") = "JobPortal.Application", "src\application\JobPortal.Application\JobPortal.Application.csproj", "{32E40262-9060-2147-7116-46925E1B5D39}"
EndProject
Project("{2150E333-8FDC-42A3-9474-1A3956D46DE8}") = "domain", "domain", "{E79E42A0-DB12-4E42-82CB-5730F2A6DED2}"
EndProject
Project("{2150E333-8FDC-42A3-9474-1A3956D46DE8}") = "application", "application", "{FFB688CB-F25E-4730-BBC8-BD62729FA791}"
EndProject
Project("{2150E333-8FDC-42A3-9474-1A3956D46DE8}") = "infrastructure", "infrastructure", "{677558B1-A49C-4DA4-AB99-31F0AFC0231A}"
EndProject
Project("{FAE04EC0-301F-11D3-BF4B-00C04F79EFBC}") = "JobPortal.Infrastructure.Persistence", "src\infrastructure\JobPortal.Infrastructure.Persistence\JobPortal.Infrastructure.Persistence.csproj", "{EB6E29EF-730E-2C16-DF77-94395ABC0C3F}"
EndProject
Project("{FAE04EC0-301F-11D3-BF4B-00C04F79EFBC}") = "JobPortal.Infrastructure", "src\infrastructure\JobPortal.Infrastructure\JobPortal.Infrastructure.csproj", "{179E429B-5C41-F685-98DE-88DF418A3301}"
EndProject
Project("{2150E333-8FDC-42A3-9474-1A3956D46DE8}") = "presentation", "presentation", "{BC0B3242-6246-4E6B-8F28-E2DA98CE377A}"
EndProject
Project("{FAE04EC0-301F-11D3-BF4B-00C04F79EFBC}") = "JobPortal.WebAPI", "src\presentation\JobPortal.WebAPI\JobPortal.WebAPI.csproj", "{BED473F5-3730-D1FE-BA88-DF525FC59BF7}"
EndProject
Global
	GlobalSection(SolutionConfigurationPlatforms) = preSolution
		Debug|Any CPU = Debug|Any CPU
		Release|Any CPU = Release|Any CPU
	EndGlobalSection
	GlobalSection(ProjectConfigurationPlatforms) = postSolution
		{9A1434F0-2322-6D41-1B3A-3F7D58927C3D}.Debug|Any CPU.ActiveCfg = Debug|Any CPU
		{9A1434F0-2322-6D41-1B3A-3F7D58927C3D}.Debug|Any CPU.Build.0 = Debug|Any CPU
		{9A1434F0-2322-6D41-1B3A-3F7D58927C3D}.Release|Any CPU.ActiveCfg = Release|Any CPU
		{9A1434F0-2322-6D41-1B3A-3F7D58927C3D}.Release|Any CPU.Build.0 = Release|Any CPU
		{32E40262-9060-2147-7116-46925E1B5D39}.Debug|Any CPU.ActiveCfg = Debug|Any CPU
		{32E40262-9060-2147-7116-46925E1B5D39}.Debug|Any CPU.Build.0 = Debug|Any CPU
		{32E40262-9060-2147-7116-46925E1B5D39}.Release|Any CPU.ActiveCfg = Release|Any CPU
		{32E40262-9060-2147-7116-46925E1B5D39}.Release|Any CPU.Build.0 = Release|Any CPU
		{EB6E29EF-730E-2C16-DF77-94395ABC0C3F}.Debug|Any CPU.ActiveCfg = Debug|Any CPU
		{EB6E29EF-730E-2C16-DF77-94395ABC0C3F}.Debug|Any CPU.Build.0 = Debug|Any CPU
		{EB6E29EF-730E-2C16-DF77-94395ABC0C3F}.Release|Any CPU.ActiveCfg = Release|Any CPU
		{EB6E29EF-730E-2C16-DF77-94395ABC0C3F}.Release|Any CPU.Build.0 = Release|Any CPU
		{179E429B-5C41-F685-98DE-88DF418A3301}.Debug|Any CPU.ActiveCfg = Debug|Any CPU
		{179E429B-5C41-F685-98DE-88DF418A3301}.Debug|Any CPU.Build.0 = Debug|Any CPU
		{179E429B-5C41-F685-98DE-88DF418A3301}.Release|Any CPU.ActiveCfg = Release|Any CPU
		{179E429B-5C41-F685-98DE-88DF418A3301}.Release|Any CPU.Build.0 = Release|Any CPU
		{BED473F5-3730-D1FE-BA88-DF525FC59BF7}.Debug|Any CPU.ActiveCfg = Debug|Any CPU
		{BED473F5-3730-D1FE-BA88-DF525FC59BF7}.Debug|Any CPU.Build.0 = Debug|Any CPU
		{BED473F5-3730-D1FE-BA88-DF525FC59BF7}.Release|Any CPU.ActiveCfg = Release|Any CPU
		{BED473F5-3730-D1FE-BA88-DF525FC59BF7}.Release|Any CPU.Build.0 = Release|Any CPU
	EndGlobalSection
	GlobalSection(SolutionProperties) = preSolution
		HideSolutionNode = FALSE
	EndGlobalSection
	GlobalSection(NestedProjects) = preSolution
		{9A1434F0-2322-6D41-1B3A-3F7D58927C3D} = {E79E42A0-DB12-4E42-82CB-5730F2A6DED2}
		{32E40262-9060-2147-7116-46925E1B5D39} = {FFB688CB-F25E-4730-BBC8-BD62729FA791}
		{E79E42A0-DB12-4E42-82CB-5730F2A6DED2} = {02EA681E-C7D8-13C7-8484-4AC65E1B71E8}
		{FFB688CB-F25E-4730-BBC8-BD62729FA791} = {02EA681E-C7D8-13C7-8484-4AC65E1B71E8}
		{677558B1-A49C-4DA4-AB99-31F0AFC0231A} = {02EA681E-C7D8-13C7-8484-4AC65E1B71E8}
		{EB6E29EF-730E-2C16-DF77-94395ABC0C3F} = {677558B1-A49C-4DA4-AB99-31F0AFC0231A}
		{179E429B-5C41-F685-98DE-88DF418A3301} = {677558B1-A49C-4DA4-AB99-31F0AFC0231A}
		{BC0B3242-6246-4E6B-8F28-E2DA98CE377A} = {02EA681E-C7D8-13C7-8484-4AC65E1B71E8}
		{BED473F5-3730-D1FE-BA88-DF525FC59BF7} = {BC0B3242-6246-4E6B-8F28-E2DA98CE377A}
	EndGlobalSection
	GlobalSection(ExtensibilityGlobals) = postSolution
		SolutionGuid = {03A8832D-5BAA-4145-9203-15EE73C03B43}
	EndGlobalSection
EndGlobal
